
Microsoft Visual Studio Solution File, Format Version 12.00
# Visual Studio Version 17
VisualStudioVersion = 17.5.33502.453
MinimumVisualStudioVersion = 10.0.40219.1
Project("{FAE04EC0-301F-11D3-BF4B-00C04F79EFBC}") = "homework_3_6", "homework_3_6.csproj", "{81053CF2-AA89-4EAC-A598-33F8585DBDFE}"
EndProject
Global
	GlobalSection(SolutionConfigurationPlatforms) = preSolution
		Debug|Any CPU = Debug|Any CPU
		Release|Any CPU = Release|Any CPU
	EndGlobalSection
	GlobalSection(ProjectConfigurationPlatforms) = postSolution
		{81053CF2-AA89-4EAC-A598-33F8585DBDFE}.Debug|Any CPU.ActiveCfg = Debug|Any CPU
		{81053CF2-AA89-4EAC-A598-33F8585DBDFE}.Debug|Any CPU.Build.0 = Debug|Any CPU
		{81053CF2-AA89-4EAC-A598-33F8585DBDFE}.Release|Any CPU.ActiveCfg = Release|Any CPU
		{81053CF2-AA89-4EAC-A598-33F8585DBDFE}.Release|Any CPU.Build.0 = Release|Any CPU
	EndGlobalSection
	GlobalSection(SolutionProperties) = preSolution
		HideSolutionNode = FALSE
	EndGlobalSection
	GlobalSection(ExtensibilityGlobals) = postSolution
		SolutionGuid = {4FB45F5B-7210-4982-849F-003034DC1209}
	EndGlobalSection
EndGlobal
